
Microsoft Visual Studio Solution File, Format Version 12.00
# Visual Studio Version 17
VisualStudioVersion = 17.3.32825.248
MinimumVisualStudioVersion = 10.0.40219.1
Project("{FAE04EC0-301F-11D3-BF4B-00C04F79EFBC}") = "P01AplikacjaPogodaClientAPI", "P01AplikacjaPogodaClientAPI\P01AplikacjaPogodaClientAPI.csproj", "{3F174542-0DEE-411F-BEFB-6B9A390599F9}"
EndProject
Project("{FAE04EC0-301F-11D3-BF4B-00C04F79EFBC}") = "P02ZmianaZNullami", "P02ZmianaZNullami\P02ZmianaZNullami.csproj", "{4E372214-B97A-4FF8-A404-7755084A0C11}"
EndProject
Global
	GlobalSection(SolutionConfigurationPlatforms) = preSolution
		Debug|Any CPU = Debug|Any CPU
		Release|Any CPU = Release|Any CPU
	EndGlobalSection
	GlobalSection(ProjectConfigurationPlatforms) = postSolution
		{3F174542-0DEE-411F-BEFB-6B9A390599F9}.Debug|Any CPU.ActiveCfg = Debug|Any CPU
		{3F174542-0DEE-411F-BEFB-6B9A390599F9}.Debug|Any CPU.Build.0 = Debug|Any CPU
		{3F174542-0DEE-411F-BEFB-6B9A390599F9}.Release|Any CPU.ActiveCfg = Release|Any CPU
		{3F174542-0DEE-411F-BEFB-6B9A390599F9}.Release|Any CPU.Build.0 = Release|Any CPU
		{4E372214-B97A-4FF8-A404-7755084A0C11}.Debug|Any CPU.ActiveCfg = Debug|Any CPU
		{4E372214-B97A-4FF8-A404-7755084A0C11}.Debug|Any CPU.Build.0 = Debug|Any CPU
		{4E372214-B97A-4FF8-A404-7755084A0C11}.Release|Any CPU.ActiveCfg = Release|Any CPU
		{4E372214-B97A-4FF8-A404-7755084A0C11}.Release|Any CPU.Build.0 = Release|Any CPU
	EndGlobalSection
	GlobalSection(SolutionProperties) = preSolution
		HideSolutionNode = FALSE
	EndGlobalSection
	GlobalSection(ExtensibilityGlobals) = postSolution
		SolutionGuid = {C429F136-6D0E-49F9-87A1-F22D261AB847}
	EndGlobalSection
EndGlobal
